
Microsoft Visual Studio Solution File, Format Version 12.00
# Visual Studio Version 17
VisualStudioVersion = 17.7.34031.279
MinimumVisualStudioVersion = 10.0.40219.1
Project("{FAE04EC0-301F-11D3-BF4B-00C04F79EFBC}") = "SubstringCount", "SubstringCount.csproj", "{3CFDF176-F4A3-483A-906A-897DCA745909}"
EndProject
Project("{FAE04EC0-301F-11D3-BF4B-00C04F79EFBC}") = "SubstringCountTests", "..\SubstringCountTests\SubstringCountTests.csproj", "{1992BC04-118D-48D7-A5C0-26CB7EEFFE07}"
EndProject
Global
	GlobalSection(SolutionConfigurationPlatforms) = preSolution
		Debug|Any CPU = Debug|Any CPU
		Release|Any CPU = Release|Any CPU
	EndGlobalSection
	GlobalSection(ProjectConfigurationPlatforms) = postSolution
		{3CFDF176-F4A3-483A-906A-897DCA745909}.Debug|Any CPU.ActiveCfg = Debug|Any CPU
		{3CFDF176-F4A3-483A-906A-897DCA745909}.Debug|Any CPU.Build.0 = Debug|Any CPU
		{3CFDF176-F4A3-483A-906A-897DCA745909}.Release|Any CPU.ActiveCfg = Release|Any CPU
		{3CFDF176-F4A3-483A-906A-897DCA745909}.Release|Any CPU.Build.0 = Release|Any CPU
		{1992BC04-118D-48D7-A5C0-26CB7EEFFE07}.Debug|Any CPU.ActiveCfg = Debug|Any CPU
		{1992BC04-118D-48D7-A5C0-26CB7EEFFE07}.Debug|Any CPU.Build.0 = Debug|Any CPU
		{1992BC04-118D-48D7-A5C0-26CB7EEFFE07}.Release|Any CPU.ActiveCfg = Release|Any CPU
		{1992BC04-118D-48D7-A5C0-26CB7EEFFE07}.Release|Any CPU.Build.0 = Release|Any CPU
	EndGlobalSection
	GlobalSection(SolutionProperties) = preSolution
		HideSolutionNode = FALSE
	EndGlobalSection
	GlobalSection(ExtensibilityGlobals) = postSolution
		SolutionGuid = {080160BB-DB57-48F2-955A-42D490993E1A}
	EndGlobalSection
EndGlobal
